dependencies:
- name: redis
  repository: https://charts.bitnami.com/bitnami
  version: 17.9.2
- name: postgresql
  repository: https://charts.bitnami.com/bitnami
  version: 12.0.0
- name: rafiki
  repository: file://../rafiki
  version: 0.1.0
digest: sha256:f51ac25d54d959e6370287e14a7a27962cff3996d71ed838e396b16aa44d8bb3
generated: "2023-04-27T10:17:33.438847+02:00"
