# This file is generated by running "yarn install" inside your project.
# Manual changes might be lost - proceed with caution!

__metadata:
  version: 4

"backend@workspace:packages/backend":
  version: 0.0.0-use.local
  resolution: "backend@workspace:packages/backend"
  languageName: unknown
  linkType: soft

"connector@workspace:packages/connector":
  version: 0.0.0-use.local
  resolution: "connector@workspace:packages/connector"
  languageName: unknown
  linkType: soft

"frontend@workspace:packages/frontend":
  version: 0.0.0-use.local
  resolution: "frontend@workspace:packages/frontend"
  languageName: unknown
  linkType: soft

"raio@workspace:.":
  version: 0.0.0-use.local
  resolution: "raio@workspace:."
  languageName: unknown
  linkType: soft
