# THIS IS AN AUTOGENERATED FILE. DO NOT EDIT THIS FILE DIRECTLY.
# yarn lockfile v1


"@types/dotenv@^6.1.1":
  version "6.1.1"
  resolved "https://registry.yarnpkg.com/@types/dotenv/-/dotenv-6.1.1.tgz#f7ce1cc4fe34f0a4373ba99fefa437b0bec54b46"
  integrity sha512-ftQl3DtBvqHl9L16tpqqzA4YzCSXZfi7g8cQceTz5rOlYtk/IZbFjAv3mLOQlNIgOaylCQWQoBdDQHPgEBJPHg==
  dependencies:
    "@types/node" "*"

"@types/node@*":
  version "12.7.2"
  resolved "https://registry.yarnpkg.com/@types/node/-/node-12.7.2.tgz#c4e63af5e8823ce9cc3f0b34f7b998c2171f0c44"
  integrity sha512-dyYO+f6ihZEtNPDcWNR1fkoTDf3zAK3lAABDze3mz6POyIercH0lEUawUFXlG8xaQZmm1yEBON/4TsYv/laDYg==

"@types/pino-std-serializers@*":
  version "2.4.0"
  resolved "https://registry.yarnpkg.com/@types/pino-std-serializers/-/pino-std-serializers-2.4.0.tgz#8cad99175cb79c2448f7455a2d32fb3fde29579c"
  integrity sha512-eAdu+NW1IkCdmp85SnhyKha+OOREQMT9lXaoICQxa7bhSauRiLzu3WSNt9Mf2piuJvWeXF/G0hGWHr63xNpIRA==

"@types/pino@^5.8.9":
  version "5.8.9"
  resolved "https://registry.yarnpkg.com/@types/pino/-/pino-5.8.9.tgz#17d8e2a7f2f6d9683ddef14fc8a172a2a306ca72"
  integrity sha512-ybOTk+Ax54aKKHy4ZMDAVYBzuRhHn5NTGVyFTdH6vDrjTj3sQnP+TAlIJaKKbKu9J8NioRrj1kUGKDtvPPesmA==
  dependencies:
    "@types/node" "*"
    "@types/pino-std-serializers" "*"
    "@types/sonic-boom" "*"

"@types/sonic-boom@*":
  version "0.7.0"
  resolved "https://registry.yarnpkg.com/@types/sonic-boom/-/sonic-boom-0.7.0.tgz#38337036293992a1df65dd3161abddf8fb9b7176"
  integrity sha512-AfqR0fZMoUXUNwusgXKxcE9DPlHNDHQp6nKYUd4PSRpLobF5CCevSpyTEBcVZreqaWKCnGBr9KI1fHMTttoB7A==
  dependencies:
    "@types/node" "*"

dotenv@^8.1.0:
  version "8.1.0"
  resolved "https://registry.yarnpkg.com/dotenv/-/dotenv-8.1.0.tgz#d811e178652bfb8a1e593c6dd704ec7e90d85ea2"
  integrity sha512-GUE3gqcDCaMltj2++g6bRQ5rBJWtkWTmqmD0fo1RnnMuUqHNCt2oTPeDnS9n6fKYvlhn7AeBkb38lymBtWBQdA==

fast-redact@^1.4.4:
  version "1.5.0"
  resolved "https://registry.yarnpkg.com/fast-redact/-/fast-redact-1.5.0.tgz#302892f566750c4f5eec7b830bfc9bc473484034"
  integrity sha512-Afo61CgUjkzdvOKDHn08qnZ0kwck38AOGcMlvSGzvJbIab6soAP5rdoQayecGCDsD69AiF9vJBXyq31eoEO2tQ==

fast-safe-stringify@^2.0.6:
  version "2.0.6"
  resolved "https://registry.yarnpkg.com/fast-safe-stringify/-/fast-safe-stringify-2.0.6.tgz#04b26106cc56681f51a044cfc0d76cf0008ac2c2"
  integrity sha512-q8BZ89jjc+mz08rSxROs8VsrBBcn1SIw1kq9NjolL509tkABRk9io01RAjSaEv1Xb2uFLt8VtRiZbGp5H8iDtg==

flatstr@^1.0.12, flatstr@^1.0.9:
  version "1.0.12"
  resolved "https://registry.yarnpkg.com/flatstr/-/flatstr-1.0.12.tgz#c2ba6a08173edbb6c9640e3055b95e287ceb5931"
  integrity sha512-4zPxDyhCyiN2wIAtSLI6gc82/EjqZc1onI4Mz/l0pWrAlsSfYH/2ZIcU+e3oA2wDwbzIWNKwa23F8rh6+DRWkw==

pino-std-serializers@^2.3.0:
  version "2.4.2"
  resolved "https://registry.yarnpkg.com/pino-std-serializers/-/pino-std-serializers-2.4.2.tgz#cb5e3e58c358b26f88969d7e619ae54bdfcc1ae1"
  integrity sha512-WaL504dO8eGs+vrK+j4BuQQq6GLKeCCcHaMB2ItygzVURcL1CycwNEUHTD/lHFHs/NL5qAz2UKrjYWXKSf4aMQ==

pino@^5.13.2:
  version "5.13.2"
  resolved "https://registry.yarnpkg.com/pino/-/pino-5.13.2.tgz#773416c9764634276e7b2ae021357679ff7b5634"
  integrity sha512-WwOSCy36/gWhinsqWqAnuwIi2WtcH+jvoyeLm3bjUALIrzWIst0AovQjK4jVvSN2l64KFPfi3gd2fjsTovjdLQ==
  dependencies:
    fast-redact "^1.4.4"
    fast-safe-stringify "^2.0.6"
    flatstr "^1.0.9"
    pino-std-serializers "^2.3.0"
    quick-format-unescaped "^3.0.2"
    sonic-boom "^0.7.5"

quick-format-unescaped@^3.0.2:
  version "3.0.2"
  resolved "https://registry.yarnpkg.com/quick-format-unescaped/-/quick-format-unescaped-3.0.2.tgz#0137e94d8fb37ffeb70040535111c378e75396fb"
  integrity sha512-FXTaCkwvpIlkdKeGDNgcq07SXWS383noQUuZjvdE1QcTt+eLuqof6/BDiEPqB59FWLie/l91+HtlJSw7iCViSA==

sonic-boom@^0.7.5:
  version "0.7.5"
  resolved "https://registry.yarnpkg.com/sonic-boom/-/sonic-boom-0.7.5.tgz#b383d92cdaaa8e66d1f77bdec71b49806d01b5f1"
  integrity sha512-1pKrnAV6RfvntPnarY71tpthFTM3pWZWWQdghZY8ARjtDPGzG/inxqSuRwQY/7V1woUjfyxPb437zn4p5phgnQ==
  dependencies:
    flatstr "^1.0.12"
