github.com/aws/aws-lambda-go v1.42.0 h1:U4QKkxLp/il15RJGAANxiT9VumQzimsUER7gokqA0+c=
github.com/aws/aws-lambda-go v1.42.0/go.mod h1:dpMpZgvWx5vuQJfBt0zqBha60q7Dd7RfgJv23DymV8A=
github.com/aws/aws-lambda-go v1.46.0 h1:UWVnvh2h2gecOlFhHQfIPQcD8pL/f7pVCutmFl+oXU8=
github.com/aws/aws-lambda-go v1.46.0/go.mod h1:dpMpZgvWx5vuQJfBt0zqBha60q7Dd7RfgJv23DymV8A=
github.com/aws/aws-sdk-go v1.49.1 h1:Dsamcd8d/nNb3A+bZ0ucfGl0vGZsW5wlRW0vhoYGoeQ=
github.com/aws/aws-sdk-go v1.49.1/go.mod h1:LF8svs817+Nz+DmiMQKTO3ubZ/6IaTpq3TjupRn3Eqk=
github.com/aws/aws-sdk-go v1.50.35 h1:llQnNddBI/64pK7pwUFBoWYmg8+XGQUCs214eMbSDZc=
github.com/aws/aws-sdk-go v1.50.35/go.mod h1:LF8svs817+Nz+DmiMQKTO3ubZ/6IaTpq3TjupRn3Eqk=
github.com/aws/aws-sdk-go v1.50.38 h1:h8wxaLin7sFGK4sKassc1VpNcDbgAAEQJ5PHjqLAvXQ=
github.com/aws/aws-sdk-go v1.50.38/go.mod h1:LF8svs817+Nz+DmiMQKTO3ubZ/6IaTpq3TjupRn3Eqk=
github.com/aws/aws-sdk-go v1.51.0 h1:EA6GlEYMT3ouCO+v+oTWzKB/vcoHD2T9H9qulRx3lPg=
github.com/aws/aws-sdk-go v1.51.0/go.mod h1:LF8svs817+Nz+DmiMQKTO3ubZ/6IaTpq3TjupRn3Eqk=
github.com/aws/aws-sdk-go v1.51.2 h1:Ruwgz5aqIXin5Yfcgc+PCzoqW5tEGb9aDL/JWDsre7k=
github.com/aws/aws-sdk-go v1.51.2/go.mod h1:LF8svs817+Nz+DmiMQKTO3ubZ/6IaTpq3TjupRn3Eqk=
github.com/aws/aws-sdk-go v1.51.5 h1:tUHg/ZJgS2Hog4Wl4xpbBqCrmFg6AYv7gPVaCs4v0+s=
github.com/aws/aws-sdk-go v1.51.5/go.mod h1:LF8svs817+Nz+DmiMQKTO3ubZ/6IaTpq3TjupRn3Eqk=
github.com/aws/aws-sdk-go v1.51.9 h1:w6ZlyFX7l4+ZNVPmWw7LwOHSaBDDQuP22l1gh7OYu7w=
github.com/aws/aws-sdk-go v1.51.9/go.mod h1:LF8svs817+Nz+DmiMQKTO3ubZ/6IaTpq3TjupRn3Eqk=
github.com/davecgh/go-spew v1.1.0/go.mod h1:J7Y8YcW2NihsgmVo/mv3lAwl/skON4iLHjSsI+c5H38=
github.com/jmespath/go-jmespath v0.4.0 h1:BEgLn5cpjn8UN1mAw4NjwDrS35OdebyEtFe+9YPoQUg=
github.com/jmespath/go-jmespath v0.4.0/go.mod h1:T8mJZnbsbmF+m6zOOFylbeCJqk5+pHWvzYPziyZiYoo=
github.com/jmespath/go-jmespath/internal/testify v1.5.1/go.mod h1:L3OGu8Wl2/fWfCI6z80xFu9LTZmf1ZRjMHUOPmWr69U=
github.com/pmezard/go-difflib v1.0.0/go.mod h1:iKH77koFhYxTK1pcRnkKkqfTogsbg7gZNVY4sRDYZ/4=
github.com/stretchr/objx v0.1.0/go.mod h1:HFkY916IF+rwdDfMAkV7OtwuqBVzrE8GR6GFx+wExME=
gopkg.in/check.v1 v0.0.0-20161208181325-20d25e280405/go.mod h1:Co6ibVJAznAaIkqp8huTwlJQCZ016jof/cbN4VW5Yz0=
gopkg.in/yaml.v2 v2.2.8/go.mod h1:hI93XBmqTisBFMUTm0b8Fm+jr3Dg1NNxqwp+5A1VGuI=
