dependencies:
- name: redis
  repository: https://charts.bitnami.com/bitnami
  version: 18.4.0
- name: postgresql
  repository: https://charts.bitnami.com/bitnami
  version: 13.2.23
- name: rafiki-auth
  repository: https://interledger.github.io/helm-charts
  version: 0.4.0
- name: rafiki-backend
  repository: https://interledger.github.io/helm-charts
  version: 0.4.0
- name: rafiki-frontend
  repository: https://interledger.github.io/helm-charts
  version: 0.4.0
digest: sha256:8ddd08d36d84caee9f5b50e083d9bccb7e1db637775d43eb77b5e05ca11b29e0
generated: "2023-12-01T15:07:05.798309595Z"
