dependencies:
- name: redis
  repository: https://charts.bitnami.com/bitnami
  version: 18.2.0
- name: postgresql
  repository: https://charts.bitnami.com/bitnami
  version: 13.2.1
- name: rafiki-auth
  repository: https://interledger.github.io/helm-charts
  version: 0.4.0
- name: rafiki-backend
  repository: https://interledger.github.io/helm-charts
  version: 0.4.0
- name: rafiki-frontend
  repository: https://interledger.github.io/helm-charts
  version: 0.3.0
digest: sha256:432bc15f1ee79bd8125f6e0b5d85341f3131c19e5e077138d16f43ae7e5adc2b
generated: "2023-11-05T22:46:55.403700668Z"
