dependencies:
- name: redis
  repository: https://charts.bitnami.com/bitnami
  version: 18.0.4
- name: postgresql
  repository: https://charts.bitnami.com/bitnami
  version: 12.11.1
- name: rafiki-auth
  repository: https://interledger.github.io/helm-charts
  version: 0.2.0
- name: rafiki-backend
  repository: https://interledger.github.io/helm-charts
  version: 0.2.0
- name: rafiki-frontend
  repository: https://interledger.github.io/helm-charts
  version: 0.2.0
digest: sha256:eb9f2d0df54b3cb7acc3f0315d4d9c01301d8d8589ba73b040d83be6027ea0fb
generated: "2023-09-11T13:01:45.87790997Z"
