# THIS IS AN AUTOGENERATED FILE. DO NOT EDIT THIS FILE DIRECTLY.
# yarn lockfile v1


"@types/node@*":
  version "12.7.2"
  resolved "https://registry.yarnpkg.com/@types/node/-/node-12.7.2.tgz#c4e63af5e8823ce9cc3f0b34f7b998c2171f0c44"
  integrity sha512-dyYO+f6ihZEtNPDcWNR1fkoTDf3zAK3lAABDze3mz6POyIercH0lEUawUFXlG8xaQZmm1yEBON/4TsYv/laDYg==

"@types/pino-std-serializers@*", "@types/pino-std-serializers@^2.4.0":
  version "2.4.0"
  resolved "https://registry.yarnpkg.com/@types/pino-std-serializers/-/pino-std-serializers-2.4.0.tgz#8cad99175cb79c2448f7455a2d32fb3fde29579c"
  integrity sha512-eAdu+NW1IkCdmp85SnhyKha+OOREQMT9lXaoICQxa7bhSauRiLzu3WSNt9Mf2piuJvWeXF/G0hGWHr63xNpIRA==

"@types/pino@^5.8.9":
  version "5.8.9"
  resolved "https://registry.yarnpkg.com/@types/pino/-/pino-5.8.9.tgz#17d8e2a7f2f6d9683ddef14fc8a172a2a306ca72"
  integrity sha512-ybOTk+Ax54aKKHy4ZMDAVYBzuRhHn5NTGVyFTdH6vDrjTj3sQnP+TAlIJaKKbKu9J8NioRrj1kUGKDtvPPesmA==
  dependencies:
    "@types/node" "*"
    "@types/pino-std-serializers" "*"
    "@types/sonic-boom" "*"

"@types/sonic-boom@*":
  version "0.6.2"
  resolved "https://registry.yarnpkg.com/@types/sonic-boom/-/sonic-boom-0.6.2.tgz#5f6c7bf6b4a0994f9339d778da6a7adcc3d37080"
  integrity sha512-vP9Sn1tuz/BTh8L1o776Cbzr+WH4dZGmRXOjQ5L+IVQx40hUmvOS2wfIkqUsID1vL62tThWdlXWIqijwewu3mw==
  dependencies:
    "@types/node" "*"

pino-std-serializers@^2.4.2:
  version "2.4.2"
  resolved "https://registry.yarnpkg.com/pino-std-serializers/-/pino-std-serializers-2.4.2.tgz#cb5e3e58c358b26f88969d7e619ae54bdfcc1ae1"
  integrity sha512-WaL504dO8eGs+vrK+j4BuQQq6GLKeCCcHaMB2ItygzVURcL1CycwNEUHTD/lHFHs/NL5qAz2UKrjYWXKSf4aMQ==
