{
  "name": "http-signatures-lambda",
  "lockfileVersion": 3,
  "requires": true,
  "packages": {
    "": {
      "name": "http-signatures-lambda",
      "dependencies": {
        "@interledger/http-signature-utils": "2.0.2"
      }
    },
    "node_modules/@interledger/http-signature-utils": {
      "version": "2.0.2",
      "resolved": "https://registry.npmjs.org/@interledger/http-signature-utils/-/http-signature-utils-2.0.2.tgz",
      "integrity": "sha512-gTAPFMt7xwG1zv1rbrltcZTAqOw/ZJwkVdnNjQzu5G9JTfvJQzS6pcpiVUej1cblpewotbOzosgdX00f93q9zA==",
      "dependencies": {
        "http-message-signatures": "^1.0.4",
        "httpbis-digest-headers": "^1.0.0",
        "jose": "^4.13.1",
        "uuid": "^9.0.0"
      }
    },
    "node_modules/http-message-signatures": {
      "version": "1.0.4",
      "resolved": "https://registry.npmjs.org/http-message-signatures/-/http-message-signatures-1.0.4.tgz",
      "integrity": "sha512-gavCQWnxHFg0BVlKs6CmYK7hNSH1o0x0mHTC68yBAHYOYuTVXPv52mEE7QuT5TenfiagTdOa/zPJzen4lEX7Rg==",
      "dependencies": {
        "structured-headers": "^1.0.1"
      }
    },
    "node_modules/http-message-signatures/node_modules/structured-headers": {
      "version": "1.0.1",
      "resolved": "https://registry.npmjs.org/structured-headers/-/structured-headers-1.0.1.tgz",
      "integrity": "sha512-QYBxdBtA4Tl5rFPuqmbmdrS9kbtren74RTJTcs0VSQNVV5iRhJD4QlYTLD0+81SBwUQctjEQzjTRI3WG4DzICA==",
      "engines": {
        "node": ">= 14",
        "npm": ">=6"
      }
    },
    "node_modules/httpbis-digest-headers": {
      "version": "1.0.0",
      "resolved": "https://registry.npmjs.org/httpbis-digest-headers/-/httpbis-digest-headers-1.0.0.tgz",
      "integrity": "sha512-RpaFuZD3tG8wtsvjDv1u7O8wAvfpAxS20F3CrFPZOMn+IBb7E7yiqlN5Tks4E5tBEnTdpMOD151rJsUv03sAIg==",
      "dependencies": {
        "structured-headers": "^0.5.0"
      }
    },
    "node_modules/jose": {
      "version": "4.14.6",
      "resolved": "https://registry.npmjs.org/jose/-/jose-4.14.6.tgz",
      "integrity": "sha512-EqJPEUlZD0/CSUMubKtMaYUOtWe91tZXTWMJZoKSbLk+KtdhNdcvppH8lA9XwVu2V4Ailvsj0GBZJ2ZwDjfesQ==",
      "funding": {
        "url": "https://github.com/sponsors/panva"
      }
    },
    "node_modules/structured-headers": {
      "version": "0.5.0",
      "resolved": "https://registry.npmjs.org/structured-headers/-/structured-headers-0.5.0.tgz",
      "integrity": "sha512-oLnmXSsjhud+LxRJpvokwP8ImEB2wTg8sg30buwfVViKMuluTv3BlOJHUX9VW9pJ2nQOxmx87Z0kB86O4cphag=="
    },
    "node_modules/uuid": {
      "version": "9.0.1",
      "resolved": "https://registry.npmjs.org/uuid/-/uuid-9.0.1.tgz",
      "integrity": "sha512-b+1eJOlsR9K8HJpow9Ok3fiWOWSIcIzXodvv0rQjVoOVNpWMpxf1wZNpt4y9h10odCNrqnYp1OBzRktckBe3sA==",
      "funding": [
        "https://github.com/sponsors/broofa",
        "https://github.com/sponsors/ctavan"
      ],
      "bin": {
        "uuid": "dist/bin/uuid"
      }
    }
  }
}
